
Microsoft Visual Studio Solution File, Format Version 12.00
# Visual Studio 15
VisualStudioVersion = 15.0.26228.4
MinimumVisualStudioVersion = 10.0.40219.1
Project("{FAE04EC0-301F-11D3-BF4B-00C04F79EFBC}") = "SBAWebAPI", "SBAWebAPI\SBAWebAPI.csproj", "{03144C94-2C97-4C4B-836E-FED0A0B67B33}"
EndProject
Project("{FAE04EC0-301F-11D3-BF4B-00C04F79EFBC}") = "SBANUnit", "SBANUnit\SBANUnit.csproj", "{DE1012FA-D0D1-4FA5-9DDC-C09A3AB10378}"
EndProject
Project("{FAE04EC0-301F-11D3-BF4B-00C04F79EFBC}") = "SBALoadTest", "SBALoadTest\SBALoadTest.csproj", "{2C044843-F608-436A-81FF-83EA50396ED5}"
EndProject
Global
	GlobalSection(SolutionConfigurationPlatforms) = preSolution
		Debug|Any CPU = Debug|Any CPU
		Release|Any CPU = Release|Any CPU
	EndGlobalSection
	GlobalSection(ProjectConfigurationPlatforms) = postSolution
		{03144C94-2C97-4C4B-836E-FED0A0B67B33}.Debug|Any CPU.ActiveCfg = Debug|Any CPU
		{03144C94-2C97-4C4B-836E-FED0A0B67B33}.Debug|Any CPU.Build.0 = Debug|Any CPU
		{03144C94-2C97-4C4B-836E-FED0A0B67B33}.Release|Any CPU.ActiveCfg = Release|Any CPU
		{03144C94-2C97-4C4B-836E-FED0A0B67B33}.Release|Any CPU.Build.0 = Release|Any CPU
		{DE1012FA-D0D1-4FA5-9DDC-C09A3AB10378}.Debug|Any CPU.ActiveCfg = Debug|Any CPU
		{DE1012FA-D0D1-4FA5-9DDC-C09A3AB10378}.Debug|Any CPU.Build.0 = Debug|Any CPU
		{DE1012FA-D0D1-4FA5-9DDC-C09A3AB10378}.Release|Any CPU.ActiveCfg = Release|Any CPU
		{DE1012FA-D0D1-4FA5-9DDC-C09A3AB10378}.Release|Any CPU.Build.0 = Release|Any CPU
		{2C044843-F608-436A-81FF-83EA50396ED5}.Debug|Any CPU.ActiveCfg = Debug|Any CPU
		{2C044843-F608-436A-81FF-83EA50396ED5}.Debug|Any CPU.Build.0 = Debug|Any CPU
		{2C044843-F608-436A-81FF-83EA50396ED5}.Release|Any CPU.ActiveCfg = Release|Any CPU
		{2C044843-F608-436A-81FF-83EA50396ED5}.Release|Any CPU.Build.0 = Release|Any CPU
	EndGlobalSection
	GlobalSection(SolutionProperties) = preSolution
		HideSolutionNode = FALSE
	EndGlobalSection
EndGlobal
